
Microsoft Visual Studio Solution File, Format Version 12.00
# Visual Studio Version 17
VisualStudioVersion = 17.14.36408.4 d17.14
MinimumVisualStudioVersion = 10.0.40219.1
Project("{FAE04EC0-301F-11D3-BF4B-00C04F79EFBC}") = "StateControlSystem", "StateControlSystem.csproj", "{C0998A81-9A28-41F8-8BE4-C7C8F1868E6C}"
EndProject
Global
	GlobalSection(SolutionConfigurationPlatforms) = preSolution
		Debug|Any CPU = Debug|Any CPU
		Release|Any CPU = Release|Any CPU
	EndGlobalSection
	GlobalSection(ProjectConfigurationPlatforms) = postSolution
		{C0998A81-9A28-41F8-8BE4-C7C8F1868E6C}.Debug|Any CPU.ActiveCfg = Debug|Any CPU
		{C0998A81-9A28-41F8-8BE4-C7C8F1868E6C}.Debug|Any CPU.Build.0 = Debug|Any CPU
		{C0998A81-9A28-41F8-8BE4-C7C8F1868E6C}.Release|Any CPU.ActiveCfg = Release|Any CPU
		{C0998A81-9A28-41F8-8BE4-C7C8F1868E6C}.Release|Any CPU.Build.0 = Release|Any CPU
	EndGlobalSection
	GlobalSection(SolutionProperties) = preSolution
		HideSolutionNode = FALSE
	EndGlobalSection
	GlobalSection(ExtensibilityGlobals) = postSolution
		SolutionGuid = {247A97EA-89B6-49C6-925C-DB0742C8C105}
	EndGlobalSection
EndGlobal
